
Microsoft Visual Studio Solution File, Format Version 12.00
# Visual Studio Version 16
VisualStudioVersion = 16.0.30406.217
MinimumVisualStudioVersion = 10.0.40219.1
Project("{FAE04EC0-301F-11D3-BF4B-00C04F79EFBC}") = "DemoServerBlazor", "DemoServerBlazor\DemoServerBlazor.csproj", "{24849222-43C6-46DB-A0F3-0898D497FB9B}"
EndProject
Global
	GlobalSection(SolutionConfigurationPlatforms) = preSolution
		Debug|Any CPU = Debug|Any CPU
		Release|Any CPU = Release|Any CPU
	EndGlobalSection
	GlobalSection(ProjectConfigurationPlatforms) = postSolution
		{24849222-43C6-46DB-A0F3-0898D497FB9B}.Debug|Any CPU.ActiveCfg = Debug|Any CPU
		{24849222-43C6-46DB-A0F3-0898D497FB9B}.Debug|Any CPU.Build.0 = Debug|Any CPU
		{24849222-43C6-46DB-A0F3-0898D497FB9B}.Release|Any CPU.ActiveCfg = Release|Any CPU
		{24849222-43C6-46DB-A0F3-0898D497FB9B}.Release|Any CPU.Build.0 = Release|Any CPU
	EndGlobalSection
	GlobalSection(SolutionProperties) = preSolution
		HideSolutionNode = FALSE
	EndGlobalSection
	GlobalSection(ExtensibilityGlobals) = postSolution
		SolutionGuid = {51D13B68-9242-419A-AAB5-8FF80239BF3A}
	EndGlobalSection
EndGlobal
